{
  "requires": true,
  "lockfileVersion": 1,
  "dependencies": {
    "@babel/runtime": {
      "version": "7.14.8",
      "resolved": "https://registry.npmjs.org/@babel/runtime/-/runtime-7.14.8.tgz",
      "integrity": "sha512-twj3L8Og5SaCRCErB4x4ajbvBIVV77CGeFglHpeg5WC5FF8TZzBWXtTJ4MqaD9QszLYTtr+IsaAL2rEUevb+eg==",
      "requires": {
        "regenerator-runtime": "^0.13.4"
      }
    },
    "@uiw/react-codemirror": {
      "version": "3.1.0",
      "resolved": "https://registry.npmjs.org/@uiw/react-codemirror/-/react-codemirror-3.1.0.tgz",
      "integrity": "sha512-y4fhf2cSybphYA/nr6zN5kQKTpfN25Ox/ELlvaYZEVviG1K3oD0niTTyoEZlBx0pulQjdESBhPoLH0AZ8WWsHg==",
      "requires": {
        "@babel/runtime": "7.14.8",
        "codemirror": "5.62.2"
      }
    },
    "codemirror": {
      "version": "5.62.2",
      "resolved": "https://registry.npmjs.org/codemirror/-/codemirror-5.62.2.tgz",
      "integrity": "sha512-tVFMUa4J3Q8JUd1KL9yQzQB0/BJt7ZYZujZmTPgo/54Lpuq3ez4C8x/ATUY/wv7b7X3AUq8o3Xd+2C5ZrCGWHw=="
    },
    "regenerator-runtime": {
      "version": "0.13.9",
      "resolved": "https://registry.npmjs.org/regenerator-runtime/-/regenerator-runtime-0.13.9.tgz",
      "integrity": "sha512-p3VT+cOEgxFsRRA9X4lkI1E+k2/CtnKtU4gcxyaCUreilL/vqI6CdZ3wxVUx3UOUg+gnUOQQcRI7BmSI656MYA=="
    }
  }
}
